
Microsoft Visual Studio Solution File, Format Version 12.00
# Visual Studio Version 16
VisualStudioVersion = 16.0.30804.86
MinimumVisualStudioVersion = 10.0.40219.1
Project("{9A19103F-16F7-4668-BE54-9A1E7A4F7556}") = "Arent3d.Architecture.Routing.AppBase", "Arent3d.Architecture.Routing.AppBase\Arent3d.Architecture.Routing.AppBase.csproj", "{7C2209B4-5B23-4603-A1DA-30188A398230}"
EndProject
Project("{9A19103F-16F7-4668-BE54-9A1E7A4F7556}") = "Arent3d.Architecture.Routing", "Arent3d.Architecture.Routing\Arent3d.Architecture.Routing.csproj", "{9F640371-E034-4C24-A6FE-C8B710E55ED1}"
EndProject
Project("{FAE04EC0-301F-11D3-BF4B-00C04F79EFBC}") = "Arent3d.Revit.UI", "Arent3d.Revit.UI\Arent3d.Revit.UI.csproj", "{5AF7CB50-C9A0-4876-B66A-B4B03CB9CB0F}"
EndProject
Project("{FAE04EC0-301F-11D3-BF4B-00C04F79EFBC}") = "Arent3d.Revit", "Arent3d.Revit\Arent3d.Revit.csproj", "{6E328C3D-BAB1-4350-9957-9FB0AABD180B}"
EndProject
Project("{FAE04EC0-301F-11D3-BF4B-00C04F79EFBC}") = "Arent3d.Revit.Csv", "Arent3d.Revit.Csv\Arent3d.Revit.Csv.csproj", "{F8409477-D6AD-415F-820C-84107C6B6049}"
EndProject
Project("{FAE04EC0-301F-11D3-BF4B-00C04F79EFBC}") = "Arent3d.Architecture.Rouing.Mechanical.App", "Arent3d.Architecture.Routing.Mechanical.App\Arent3d.Architecture.Rouing.Mechanical.App.csproj", "{968D275F-4792-4A50-A5A9-86E7C65EBE97}"
EndProject
Global
	GlobalSection(SolutionConfigurationPlatforms) = preSolution
		Debug 2020|x64 = Debug 2020|x64
		Debug 2021|x64 = Debug 2021|x64
		Debug 2022|x64 = Debug 2022|x64
		Release 2021|x64 = Release 2021|x64
		Release 2020|x64 = Release 2020|x64
		Release 2022|x64 = Release 2022|x64
	EndGlobalSection
	GlobalSection(ProjectConfigurationPlatforms) = postSolution
		{7C2209B4-5B23-4603-A1DA-30188A398230}.Debug 2020|x64.ActiveCfg = Debug 2020|x64
		{7C2209B4-5B23-4603-A1DA-30188A398230}.Debug 2020|x64.Build.0 = Debug 2020|x64
		{7C2209B4-5B23-4603-A1DA-30188A398230}.Debug 2021|x64.ActiveCfg = Debug 2021|x64
		{7C2209B4-5B23-4603-A1DA-30188A398230}.Debug 2021|x64.Build.0 = Debug 2021|x64
		{7C2209B4-5B23-4603-A1DA-30188A398230}.Debug 2022|x64.ActiveCfg = Debug 2022|x64
		{7C2209B4-5B23-4603-A1DA-30188A398230}.Debug 2022|x64.Build.0 = Debug 2022|x64
		{7C2209B4-5B23-4603-A1DA-30188A398230}.Release 2021|x64.ActiveCfg = Release 2021|x64
		{7C2209B4-5B23-4603-A1DA-30188A398230}.Release 2021|x64.Build.0 = Release 2021|x64
		{7C2209B4-5B23-4603-A1DA-30188A398230}.Release 2020|x64.ActiveCfg = Release 2020|x64
		{7C2209B4-5B23-4603-A1DA-30188A398230}.Release 2020|x64.Build.0 = Release 2020|x64
		{7C2209B4-5B23-4603-A1DA-30188A398230}.Release 2022|x64.ActiveCfg = Release 2022|x64
		{7C2209B4-5B23-4603-A1DA-30188A398230}.Release 2022|x64.Build.0 = Release 2022|x64
		{9F640371-E034-4C24-A6FE-C8B710E55ED1}.Debug 2020|x64.ActiveCfg = Debug 2020|x64
		{9F640371-E034-4C24-A6FE-C8B710E55ED1}.Debug 2020|x64.Build.0 = Debug 2020|x64
		{9F640371-E034-4C24-A6FE-C8B710E55ED1}.Debug 2021|x64.ActiveCfg = Debug 2021|x64
		{9F640371-E034-4C24-A6FE-C8B710E55ED1}.Debug 2021|x64.Build.0 = Debug 2021|x64
		{9F640371-E034-4C24-A6FE-C8B710E55ED1}.Debug 2022|x64.ActiveCfg = Debug 2022|x64
		{9F640371-E034-4C24-A6FE-C8B710E55ED1}.Debug 2022|x64.Build.0 = Debug 2022|x64
		{9F640371-E034-4C24-A6FE-C8B710E55ED1}.Release 2021|x64.ActiveCfg = Release 2021|x64
		{9F640371-E034-4C24-A6FE-C8B710E55ED1}.Release 2021|x64.Build.0 = Release 2021|x64
		{9F640371-E034-4C24-A6FE-C8B710E55ED1}.Release 2020|x64.ActiveCfg = Release 2020|x64
		{9F640371-E034-4C24-A6FE-C8B710E55ED1}.Release 2020|x64.Build.0 = Release 2020|x64
		{9F640371-E034-4C24-A6FE-C8B710E55ED1}.Release 2022|x64.ActiveCfg = Release 2022|x64
		{9F640371-E034-4C24-A6FE-C8B710E55ED1}.Release 2022|x64.Build.0 = Release 2022|x64
		{6E328C3D-BAB1-4350-9957-9FB0AABD180B}.Debug 2020|x64.ActiveCfg = Debug 2020|x64
		{6E328C3D-BAB1-4350-9957-9FB0AABD180B}.Debug 2020|x64.Build.0 = Debug 2020|x64
		{6E328C3D-BAB1-4350-9957-9FB0AABD180B}.Debug 2021|x64.ActiveCfg = Debug 2021|x64
		{6E328C3D-BAB1-4350-9957-9FB0AABD180B}.Debug 2021|x64.Build.0 = Debug 2021|x64
		{6E328C3D-BAB1-4350-9957-9FB0AABD180B}.Debug 2022|x64.ActiveCfg = Debug 2022|x64
		{6E328C3D-BAB1-4350-9957-9FB0AABD180B}.Debug 2022|x64.Build.0 = Debug 2022|x64
		{6E328C3D-BAB1-4350-9957-9FB0AABD180B}.Release 2021|x64.ActiveCfg = Release 2021|x64
		{6E328C3D-BAB1-4350-9957-9FB0AABD180B}.Release 2021|x64.Build.0 = Release 2021|x64
		{6E328C3D-BAB1-4350-9957-9FB0AABD180B}.Release 2020|x64.ActiveCfg = Release 2020|x64
		{6E328C3D-BAB1-4350-9957-9FB0AABD180B}.Release 2020|x64.Build.0 = Release 2020|x64
		{6E328C3D-BAB1-4350-9957-9FB0AABD180B}.Release 2022|x64.ActiveCfg = Release 2022|x64
		{6E328C3D-BAB1-4350-9957-9FB0AABD180B}.Release 2022|x64.Build.0 = Release 2022|x64
		{5AF7CB50-C9A0-4876-B66A-B4B03CB9CB0F}.Debug 2020|x64.ActiveCfg = Debug 2020|x64
		{5AF7CB50-C9A0-4876-B66A-B4B03CB9CB0F}.Debug 2020|x64.Build.0 = Debug 2020|x64
		{5AF7CB50-C9A0-4876-B66A-B4B03CB9CB0F}.Debug 2021|x64.ActiveCfg = Debug 2021|x64
		{5AF7CB50-C9A0-4876-B66A-B4B03CB9CB0F}.Debug 2021|x64.Build.0 = Debug 2021|x64
		{5AF7CB50-C9A0-4876-B66A-B4B03CB9CB0F}.Debug 2022|x64.ActiveCfg = Debug 2022|x64
		{5AF7CB50-C9A0-4876-B66A-B4B03CB9CB0F}.Debug 2022|x64.Build.0 = Debug 2022|x64
		{5AF7CB50-C9A0-4876-B66A-B4B03CB9CB0F}.Release 2021|x64.ActiveCfg = Release 2021|x64
		{5AF7CB50-C9A0-4876-B66A-B4B03CB9CB0F}.Release 2021|x64.Build.0 = Release 2021|x64
		{5AF7CB50-C9A0-4876-B66A-B4B03CB9CB0F}.Release 2020|x64.ActiveCfg = Release 2020|x64
		{5AF7CB50-C9A0-4876-B66A-B4B03CB9CB0F}.Release 2020|x64.Build.0 = Release 2020|x64
		{5AF7CB50-C9A0-4876-B66A-B4B03CB9CB0F}.Release 2022|x64.ActiveCfg = Release 2022|x64
		{5AF7CB50-C9A0-4876-B66A-B4B03CB9CB0F}.Release 2022|x64.Build.0 = Release 2022|x64
		{F8409477-D6AD-415F-820C-84107C6B6049}.Debug 2020|x64.ActiveCfg = Debug 2020|x64
		{F8409477-D6AD-415F-820C-84107C6B6049}.Debug 2020|x64.Build.0 = Debug 2020|x64
		{F8409477-D6AD-415F-820C-84107C6B6049}.Debug 2021|x64.ActiveCfg = Debug 2021|x64
		{F8409477-D6AD-415F-820C-84107C6B6049}.Debug 2021|x64.Build.0 = Debug 2021|x64
		{F8409477-D6AD-415F-820C-84107C6B6049}.Debug 2022|x64.ActiveCfg = Debug 2022|x64
		{F8409477-D6AD-415F-820C-84107C6B6049}.Debug 2022|x64.Build.0 = Debug 2022|x64
		{F8409477-D6AD-415F-820C-84107C6B6049}.Release 2021|x64.ActiveCfg = Release 2021|x64
		{F8409477-D6AD-415F-820C-84107C6B6049}.Release 2021|x64.Build.0 = Release 2021|x64
		{F8409477-D6AD-415F-820C-84107C6B6049}.Release 2020|x64.ActiveCfg = Release 2020|x64
		{F8409477-D6AD-415F-820C-84107C6B6049}.Release 2020|x64.Build.0 = Release 2020|x64
		{F8409477-D6AD-415F-820C-84107C6B6049}.Release 2022|x64.ActiveCfg = Release 2022|x64
		{F8409477-D6AD-415F-820C-84107C6B6049}.Release 2022|x64.Build.0 = Release 2022|x64
		{968D275F-4792-4A50-A5A9-86E7C65EBE97}.Debug 2020|x64.ActiveCfg = Debug 2020|x64
		{968D275F-4792-4A50-A5A9-86E7C65EBE97}.Debug 2020|x64.Build.0 = Debug 2020|x64
		{968D275F-4792-4A50-A5A9-86E7C65EBE97}.Debug 2021|x64.ActiveCfg = Debug 2021|x64
		{968D275F-4792-4A50-A5A9-86E7C65EBE97}.Debug 2021|x64.Build.0 = Debug 2021|x64
		{968D275F-4792-4A50-A5A9-86E7C65EBE97}.Debug 2022|x64.ActiveCfg = Debug 2022|x64
		{968D275F-4792-4A50-A5A9-86E7C65EBE97}.Debug 2022|x64.Build.0 = Debug 2022|x64
		{968D275F-4792-4A50-A5A9-86E7C65EBE97}.Release 2021|x64.ActiveCfg = Release 2021|x64
		{968D275F-4792-4A50-A5A9-86E7C65EBE97}.Release 2021|x64.Build.0 = Release 2021|x64
		{968D275F-4792-4A50-A5A9-86E7C65EBE97}.Release 2020|x64.ActiveCfg = Release 2020|x64
		{968D275F-4792-4A50-A5A9-86E7C65EBE97}.Release 2020|x64.Build.0 = Release 2020|x64
		{968D275F-4792-4A50-A5A9-86E7C65EBE97}.Release 2022|x64.ActiveCfg = Release 2022|x64
		{968D275F-4792-4A50-A5A9-86E7C65EBE97}.Release 2022|x64.Build.0 = Release 2022|x64
	EndGlobalSection
	GlobalSection(SolutionProperties) = preSolution
		HideSolutionNode = FALSE
	EndGlobalSection
	GlobalSection(ExtensibilityGlobals) = postSolution
		SolutionGuid = {233FBF8A-B66E-480B-9A6B-190C442527AA}
	EndGlobalSection
EndGlobal
